
Microsoft Visual Studio Solution File, Format Version 12.00
# Visual Studio 15
Project("{FAE04EC0-301F-11D3-BF4B-00C04F79EFBC}") = "quickfitgym.Android", "quickfitgym.Android\quickfitgym.Android.csproj", "{C8939C5D-D44F-46B3-9155-9FDD360CB1B3}"
EndProject
Project("{FAE04EC0-301F-11D3-BF4B-00C04F79EFBC}") = "quickfitgym.iOS", "quickfitgym.iOS\quickfitgym.iOS.csproj", "{0B36AE28-F0DA-4D53-AF2F-D21CFB4B1934}"
EndProject
Project("{FAE04EC0-301F-11D3-BF4B-00C04F79EFBC}") = "quickfitgym", "quickfitgym\quickfitgym.csproj", "{498B6DC9-170F-448F-964C-287966171CC5}"
EndProject
Global
	GlobalSection(SolutionConfigurationPlatforms) = preSolution
		Debug|Any CPU = Debug|Any CPU
		Release|Any CPU = Release|Any CPU
		Debug|iPhoneSimulator = Debug|iPhoneSimulator
		Release|iPhoneSimulator = Release|iPhoneSimulator
		Debug|iPhone = Debug|iPhone
		Release|iPhone = Release|iPhone
	EndGlobalSection
	GlobalSection(ProjectConfigurationPlatforms) = postSolution
		{C8939C5D-D44F-46B3-9155-9FDD360CB1B3}.Debug|Any CPU.ActiveCfg = Debug|Any CPU
		{C8939C5D-D44F-46B3-9155-9FDD360CB1B3}.Debug|Any CPU.Build.0 = Debug|Any CPU
		{C8939C5D-D44F-46B3-9155-9FDD360CB1B3}.Release|Any CPU.ActiveCfg = Release|Any CPU
		{C8939C5D-D44F-46B3-9155-9FDD360CB1B3}.Release|Any CPU.Build.0 = Release|Any CPU
		{C8939C5D-D44F-46B3-9155-9FDD360CB1B3}.Debug|iPhoneSimulator.ActiveCfg = Debug|Any CPU
		{C8939C5D-D44F-46B3-9155-9FDD360CB1B3}.Debug|iPhoneSimulator.Build.0 = Debug|Any CPU
		{C8939C5D-D44F-46B3-9155-9FDD360CB1B3}.Release|iPhoneSimulator.ActiveCfg = Release|Any CPU
		{C8939C5D-D44F-46B3-9155-9FDD360CB1B3}.Release|iPhoneSimulator.Build.0 = Release|Any CPU
		{C8939C5D-D44F-46B3-9155-9FDD360CB1B3}.Debug|iPhone.ActiveCfg = Debug|Any CPU
		{C8939C5D-D44F-46B3-9155-9FDD360CB1B3}.Debug|iPhone.Build.0 = Debug|Any CPU
		{C8939C5D-D44F-46B3-9155-9FDD360CB1B3}.Release|iPhone.ActiveCfg = Release|Any CPU
		{C8939C5D-D44F-46B3-9155-9FDD360CB1B3}.Release|iPhone.Build.0 = Release|Any CPU
		{0B36AE28-F0DA-4D53-AF2F-D21CFB4B1934}.Debug|Any CPU.ActiveCfg = Debug|iPhoneSimulator
		{0B36AE28-F0DA-4D53-AF2F-D21CFB4B1934}.Debug|Any CPU.Build.0 = Debug|iPhoneSimulator
		{0B36AE28-F0DA-4D53-AF2F-D21CFB4B1934}.Release|Any CPU.ActiveCfg = Release|iPhoneSimulator
		{0B36AE28-F0DA-4D53-AF2F-D21CFB4B1934}.Release|Any CPU.Build.0 = Release|iPhoneSimulator
		{0B36AE28-F0DA-4D53-AF2F-D21CFB4B1934}.Debug|iPhoneSimulator.ActiveCfg = Debug|iPhoneSimulator
		{0B36AE28-F0DA-4D53-AF2F-D21CFB4B1934}.Debug|iPhoneSimulator.Build.0 = Debug|iPhoneSimulator
		{0B36AE28-F0DA-4D53-AF2F-D21CFB4B1934}.Release|iPhoneSimulator.ActiveCfg = Release|iPhoneSimulator
		{0B36AE28-F0DA-4D53-AF2F-D21CFB4B1934}.Release|iPhoneSimulator.Build.0 = Release|iPhoneSimulator
		{0B36AE28-F0DA-4D53-AF2F-D21CFB4B1934}.Debug|iPhone.ActiveCfg = Debug|iPhone
		{0B36AE28-F0DA-4D53-AF2F-D21CFB4B1934}.Debug|iPhone.Build.0 = Debug|iPhone
		{0B36AE28-F0DA-4D53-AF2F-D21CFB4B1934}.Release|iPhone.ActiveCfg = Release|iPhone
		{0B36AE28-F0DA-4D53-AF2F-D21CFB4B1934}.Release|iPhone.Build.0 = Release|iPhone
		{498B6DC9-170F-448F-964C-287966171CC5}.Debug|Any CPU.ActiveCfg = Debug|Any CPU
		{498B6DC9-170F-448F-964C-287966171CC5}.Debug|Any CPU.Build.0 = Debug|Any CPU
		{498B6DC9-170F-448F-964C-287966171CC5}.Release|Any CPU.ActiveCfg = Release|Any CPU
		{498B6DC9-170F-448F-964C-287966171CC5}.Release|Any CPU.Build.0 = Release|Any CPU
		{498B6DC9-170F-448F-964C-287966171CC5}.Debug|iPhoneSimulator.ActiveCfg = Debug|Any CPU
		{498B6DC9-170F-448F-964C-287966171CC5}.Debug|iPhoneSimulator.Build.0 = Debug|Any CPU
		{498B6DC9-170F-448F-964C-287966171CC5}.Release|iPhoneSimulator.ActiveCfg = Release|Any CPU
		{498B6DC9-170F-448F-964C-287966171CC5}.Release|iPhoneSimulator.Build.0 = Release|Any CPU
		{498B6DC9-170F-448F-964C-287966171CC5}.Debug|iPhone.ActiveCfg = Debug|Any CPU
		{498B6DC9-170F-448F-964C-287966171CC5}.Debug|iPhone.Build.0 = Debug|Any CPU
		{498B6DC9-170F-448F-964C-287966171CC5}.Release|iPhone.ActiveCfg = Release|Any CPU
		{498B6DC9-170F-448F-964C-287966171CC5}.Release|iPhone.Build.0 = Release|Any CPU
	EndGlobalSection
EndGlobal
